
Microsoft Visual Studio Solution File, Format Version 12.00
# Visual Studio 14
VisualStudioVersion = 14.0.25420.1
MinimumVisualStudioVersion = 10.0.40219.1
Project("{FAE04EC0-301F-11D3-BF4B-00C04F79EFBC}") = "ReplyTest", "ReplyTest\ReplyTest.csproj", "{15B58D78-AFD3-4AE8-83F0-4EF4F6091B29}"
EndProject
Project("{FAE04EC0-301F-11D3-BF4B-00C04F79EFBC}") = "ReplyTest.Http", "ReplyTest.Http\ReplyTest.Http.csproj", "{AE5C6C2C-77EC-4DC1-A5FA-221A70E93802}"
EndProject
Project("{FAE04EC0-301F-11D3-BF4B-00C04F79EFBC}") = "ReplyTest.Models", "ReplyTest.Http.Model\ReplyTest.Models.csproj", "{FC6330A4-320A-46B9-AEC2-2DB40936FD01}"
EndProject
Project("{2150E333-8FDC-42A3-9474-1A3956D46DE8}") = "Http", "Http", "{0D562592-954F-4499-B476-6D4CC3605F13}"
EndProject
Project("{FAE04EC0-301F-11D3-BF4B-00C04F79EFBC}") = "ReplyTest.Dal", "ReplyTest.Dal\ReplyTest.Dal.csproj", "{A21CC13A-7421-40B0-B2FD-07E1140C90C9}"
EndProject
Project("{FAE04EC0-301F-11D3-BF4B-00C04F79EFBC}") = "ReplyTest.Services", "ReplyTest.Services\ReplyTest.Services.csproj", "{240FB4FC-0F94-408E-84CC-787B1C5685C0}"
EndProject
Project("{FAE04EC0-301F-11D3-BF4B-00C04F79EFBC}") = "ReplyTest.Http.Interfaces", "ReplyTest.Http.Interfaces\ReplyTest.Http.Interfaces.csproj", "{AB113139-38BA-4841-9065-36702AA06481}"
EndProject
Project("{2150E333-8FDC-42A3-9474-1A3956D46DE8}") = "Dal", "Dal", "{F215C512-8D91-42F7-BC85-82ABCD613177}"
EndProject
Project("{FAE04EC0-301F-11D3-BF4B-00C04F79EFBC}") = "ReplyTest.Dal.Interfaces", "ReplyTest.Dal.Interfaces\ReplyTest.Dal.Interfaces.csproj", "{D9CE2A6F-7626-4ECE-984E-E2AB35F9B12E}"
EndProject
Project("{2150E333-8FDC-42A3-9474-1A3956D46DE8}") = "Services", "Services", "{9A853DA9-6EA5-46BC-A76F-66BC5DEEAACB}"
EndProject
Project("{FAE04EC0-301F-11D3-BF4B-00C04F79EFBC}") = "ReplyTest.Services.Interfaces", "ReplyTest.Services.Interfaces\ReplyTest.Services.Interfaces.csproj", "{364DAB10-0534-48F7-B1C7-58A74F6A0F07}"
EndProject
Project("{FAE04EC0-301F-11D3-BF4B-00C04F79EFBC}") = "ReplyTest.Infrastructure", "ReplyTest.Infrastructure\ReplyTest.Infrastructure.csproj", "{48F361CC-7F94-4381-ACE6-96DF1D64AF21}"
EndProject
Global
	GlobalSection(SolutionConfigurationPlatforms) = preSolution
		Debug|Any CPU = Debug|Any CPU
		Release|Any CPU = Release|Any CPU
	EndGlobalSection
	GlobalSection(ProjectConfigurationPlatforms) = postSolution
		{15B58D78-AFD3-4AE8-83F0-4EF4F6091B29}.Debug|Any CPU.ActiveCfg = Debug|Any CPU
		{15B58D78-AFD3-4AE8-83F0-4EF4F6091B29}.Debug|Any CPU.Build.0 = Debug|Any CPU
		{15B58D78-AFD3-4AE8-83F0-4EF4F6091B29}.Release|Any CPU.ActiveCfg = Release|Any CPU
		{15B58D78-AFD3-4AE8-83F0-4EF4F6091B29}.Release|Any CPU.Build.0 = Release|Any CPU
		{AE5C6C2C-77EC-4DC1-A5FA-221A70E93802}.Debug|Any CPU.ActiveCfg = Debug|Any CPU
		{AE5C6C2C-77EC-4DC1-A5FA-221A70E93802}.Debug|Any CPU.Build.0 = Debug|Any CPU
		{AE5C6C2C-77EC-4DC1-A5FA-221A70E93802}.Release|Any CPU.ActiveCfg = Release|Any CPU
		{AE5C6C2C-77EC-4DC1-A5FA-221A70E93802}.Release|Any CPU.Build.0 = Release|Any CPU
		{FC6330A4-320A-46B9-AEC2-2DB40936FD01}.Debug|Any CPU.ActiveCfg = Debug|Any CPU
		{FC6330A4-320A-46B9-AEC2-2DB40936FD01}.Debug|Any CPU.Build.0 = Debug|Any CPU
		{FC6330A4-320A-46B9-AEC2-2DB40936FD01}.Release|Any CPU.ActiveCfg = Release|Any CPU
		{FC6330A4-320A-46B9-AEC2-2DB40936FD01}.Release|Any CPU.Build.0 = Release|Any CPU
		{A21CC13A-7421-40B0-B2FD-07E1140C90C9}.Debug|Any CPU.ActiveCfg = Debug|Any CPU
		{A21CC13A-7421-40B0-B2FD-07E1140C90C9}.Debug|Any CPU.Build.0 = Debug|Any CPU
		{A21CC13A-7421-40B0-B2FD-07E1140C90C9}.Release|Any CPU.ActiveCfg = Release|Any CPU
		{A21CC13A-7421-40B0-B2FD-07E1140C90C9}.Release|Any CPU.Build.0 = Release|Any CPU
		{240FB4FC-0F94-408E-84CC-787B1C5685C0}.Debug|Any CPU.ActiveCfg = Debug|Any CPU
		{240FB4FC-0F94-408E-84CC-787B1C5685C0}.Debug|Any CPU.Build.0 = Debug|Any CPU
		{240FB4FC-0F94-408E-84CC-787B1C5685C0}.Release|Any CPU.ActiveCfg = Release|Any CPU
		{240FB4FC-0F94-408E-84CC-787B1C5685C0}.Release|Any CPU.Build.0 = Release|Any CPU
		{AB113139-38BA-4841-9065-36702AA06481}.Debug|Any CPU.ActiveCfg = Debug|Any CPU
		{AB113139-38BA-4841-9065-36702AA06481}.Debug|Any CPU.Build.0 = Debug|Any CPU
		{AB113139-38BA-4841-9065-36702AA06481}.Release|Any CPU.ActiveCfg = Release|Any CPU
		{AB113139-38BA-4841-9065-36702AA06481}.Release|Any CPU.Build.0 = Release|Any CPU
		{D9CE2A6F-7626-4ECE-984E-E2AB35F9B12E}.Debug|Any CPU.ActiveCfg = Debug|Any CPU
		{D9CE2A6F-7626-4ECE-984E-E2AB35F9B12E}.Debug|Any CPU.Build.0 = Debug|Any CPU
		{D9CE2A6F-7626-4ECE-984E-E2AB35F9B12E}.Release|Any CPU.ActiveCfg = Release|Any CPU
		{D9CE2A6F-7626-4ECE-984E-E2AB35F9B12E}.Release|Any CPU.Build.0 = Release|Any CPU
		{364DAB10-0534-48F7-B1C7-58A74F6A0F07}.Debug|Any CPU.ActiveCfg = Debug|Any CPU
		{364DAB10-0534-48F7-B1C7-58A74F6A0F07}.Debug|Any CPU.Build.0 = Debug|Any CPU
		{364DAB10-0534-48F7-B1C7-58A74F6A0F07}.Release|Any CPU.ActiveCfg = Release|Any CPU
		{364DAB10-0534-48F7-B1C7-58A74F6A0F07}.Release|Any CPU.Build.0 = Release|Any CPU
		{48F361CC-7F94-4381-ACE6-96DF1D64AF21}.Debug|Any CPU.ActiveCfg = Debug|Any CPU
		{48F361CC-7F94-4381-ACE6-96DF1D64AF21}.Debug|Any CPU.Build.0 = Debug|Any CPU
		{48F361CC-7F94-4381-ACE6-96DF1D64AF21}.Release|Any CPU.ActiveCfg = Release|Any CPU
		{48F361CC-7F94-4381-ACE6-96DF1D64AF21}.Release|Any CPU.Build.0 = Release|Any CPU
	EndGlobalSection
	GlobalSection(SolutionProperties) = preSolution
		HideSolutionNode = FALSE
	EndGlobalSection
	GlobalSection(NestedProjects) = preSolution
		{AE5C6C2C-77EC-4DC1-A5FA-221A70E93802} = {0D562592-954F-4499-B476-6D4CC3605F13}
		{A21CC13A-7421-40B0-B2FD-07E1140C90C9} = {F215C512-8D91-42F7-BC85-82ABCD613177}
		{240FB4FC-0F94-408E-84CC-787B1C5685C0} = {9A853DA9-6EA5-46BC-A76F-66BC5DEEAACB}
		{AB113139-38BA-4841-9065-36702AA06481} = {0D562592-954F-4499-B476-6D4CC3605F13}
		{D9CE2A6F-7626-4ECE-984E-E2AB35F9B12E} = {F215C512-8D91-42F7-BC85-82ABCD613177}
		{364DAB10-0534-48F7-B1C7-58A74F6A0F07} = {9A853DA9-6EA5-46BC-A76F-66BC5DEEAACB}
	EndGlobalSection
EndGlobal
